
Microsoft Visual Studio Solution File, Format Version 12.00
# Visual Studio Version 17
VisualStudioVersion = 17.8.34330.188
MinimumVisualStudioVersion = 10.0.40219.1
Project("{9A19103F-16F7-4668-BE54-9A1E7A4F7556}") = "LINQTut05.OrderBy", "LINQTut05.OrderBy\LINQTut05.OrderBy.csproj", "{EC140F38-4627-4E08-BF6D-97730F826E0F}"
EndProject
Project("{9A19103F-16F7-4668-BE54-9A1E7A4F7556}") = "LINQTut05.Shared", "LINQTut05.Shared\LINQTut05.Shared.csproj", "{33495E4D-D181-4BAE-AEDE-454BD4B0547A}"
EndProject
Project("{9A19103F-16F7-4668-BE54-9A1E7A4F7556}") = "LINQTut05.ThenBy", "LINQTut05.ThenBy\LINQTut05.ThenBy.csproj", "{308E75E1-53EA-420A-9843-7FD24EB033BF}"
EndProject
Project("{FAE04EC0-301F-11D3-BF4B-00C04F79EFBC}") = "LINQTut05.OrderBy.Comparer", "LINQTut05.OrderBy.Comparer\LINQTut05.OrderBy.Comparer.csproj", "{98BC559B-7D2C-4B04-9A5F-983CD8C143B8}"
EndProject
Global
	GlobalSection(SolutionConfigurationPlatforms) = preSolution
		Debug|Any CPU = Debug|Any CPU
		Release|Any CPU = Release|Any CPU
	EndGlobalSection
	GlobalSection(ProjectConfigurationPlatforms) = postSolution
		{EC140F38-4627-4E08-BF6D-97730F826E0F}.Debug|Any CPU.ActiveCfg = Debug|Any CPU
		{EC140F38-4627-4E08-BF6D-97730F826E0F}.Debug|Any CPU.Build.0 = Debug|Any CPU
		{EC140F38-4627-4E08-BF6D-97730F826E0F}.Release|Any CPU.ActiveCfg = Release|Any CPU
		{EC140F38-4627-4E08-BF6D-97730F826E0F}.Release|Any CPU.Build.0 = Release|Any CPU
		{33495E4D-D181-4BAE-AEDE-454BD4B0547A}.Debug|Any CPU.ActiveCfg = Debug|Any CPU
		{33495E4D-D181-4BAE-AEDE-454BD4B0547A}.Debug|Any CPU.Build.0 = Debug|Any CPU
		{33495E4D-D181-4BAE-AEDE-454BD4B0547A}.Release|Any CPU.ActiveCfg = Release|Any CPU
		{33495E4D-D181-4BAE-AEDE-454BD4B0547A}.Release|Any CPU.Build.0 = Release|Any CPU
		{308E75E1-53EA-420A-9843-7FD24EB033BF}.Debug|Any CPU.ActiveCfg = Debug|Any CPU
		{308E75E1-53EA-420A-9843-7FD24EB033BF}.Debug|Any CPU.Build.0 = Debug|Any CPU
		{308E75E1-53EA-420A-9843-7FD24EB033BF}.Release|Any CPU.ActiveCfg = Release|Any CPU
		{308E75E1-53EA-420A-9843-7FD24EB033BF}.Release|Any CPU.Build.0 = Release|Any CPU
		{98BC559B-7D2C-4B04-9A5F-983CD8C143B8}.Debug|Any CPU.ActiveCfg = Debug|Any CPU
		{98BC559B-7D2C-4B04-9A5F-983CD8C143B8}.Debug|Any CPU.Build.0 = Debug|Any CPU
		{98BC559B-7D2C-4B04-9A5F-983CD8C143B8}.Release|Any CPU.ActiveCfg = Release|Any CPU
		{98BC559B-7D2C-4B04-9A5F-983CD8C143B8}.Release|Any CPU.Build.0 = Release|Any CPU
	EndGlobalSection
	GlobalSection(SolutionProperties) = preSolution
		HideSolutionNode = FALSE
	EndGlobalSection
	GlobalSection(ExtensibilityGlobals) = postSolution
		SolutionGuid = {FEEC0538-C28A-4C58-B50F-70356FD353F6}
	EndGlobalSection
EndGlobal
