
Microsoft Visual Studio Solution File, Format Version 12.00
# Visual Studio Version 17
VisualStudioVersion = 17.8.34330.188
MinimumVisualStudioVersion = 10.0.40219.1
Project("{FAE04EC0-301F-11D3-BF4B-00C04F79EFBC}") = "LINQTut10.Empty", "LINQTut10.Empty\LINQTut10.Empty.csproj", "{94B88AE9-0697-4F4C-A540-B364E70350A9}"
EndProject
Project("{FAE04EC0-301F-11D3-BF4B-00C04F79EFBC}") = "LINQTut10.Shared", "LINQTut10.Shared\LINQTut10.Shared.csproj", "{A7CCF712-469E-47B7-BCCC-A47D6CBEE5EE}"
EndProject
Project("{FAE04EC0-301F-11D3-BF4B-00C04F79EFBC}") = "LINQTut10.DefaultIfEmpty", "LINQTut10.DefaultIfEmpty\LINQTut10.DefaultIfEmpty.csproj", "{1FB3AEC2-CCE0-4F05-A326-8D4BEDABC341}"
EndProject
Project("{FAE04EC0-301F-11D3-BF4B-00C04F79EFBC}") = "LINQTut10.Range", "LINQTut10.Range\LINQTut10.Range.csproj", "{20525186-CA88-481F-B62E-3634649096A4}"
EndProject
Project("{FAE04EC0-301F-11D3-BF4B-00C04F79EFBC}") = "LINQTut.Repeat", "LINQTut.Repeat\LINQTut.Repeat.csproj", "{933BDC99-239F-4217-BB78-AE11B0E76294}"
EndProject
Global
	GlobalSection(SolutionConfigurationPlatforms) = preSolution
		Debug|Any CPU = Debug|Any CPU
		Release|Any CPU = Release|Any CPU
	EndGlobalSection
	GlobalSection(ProjectConfigurationPlatforms) = postSolution
		{94B88AE9-0697-4F4C-A540-B364E70350A9}.Debug|Any CPU.ActiveCfg = Debug|Any CPU
		{94B88AE9-0697-4F4C-A540-B364E70350A9}.Debug|Any CPU.Build.0 = Debug|Any CPU
		{94B88AE9-0697-4F4C-A540-B364E70350A9}.Release|Any CPU.ActiveCfg = Release|Any CPU
		{94B88AE9-0697-4F4C-A540-B364E70350A9}.Release|Any CPU.Build.0 = Release|Any CPU
		{A7CCF712-469E-47B7-BCCC-A47D6CBEE5EE}.Debug|Any CPU.ActiveCfg = Debug|Any CPU
		{A7CCF712-469E-47B7-BCCC-A47D6CBEE5EE}.Debug|Any CPU.Build.0 = Debug|Any CPU
		{A7CCF712-469E-47B7-BCCC-A47D6CBEE5EE}.Release|Any CPU.ActiveCfg = Release|Any CPU
		{A7CCF712-469E-47B7-BCCC-A47D6CBEE5EE}.Release|Any CPU.Build.0 = Release|Any CPU
		{1FB3AEC2-CCE0-4F05-A326-8D4BEDABC341}.Debug|Any CPU.ActiveCfg = Debug|Any CPU
		{1FB3AEC2-CCE0-4F05-A326-8D4BEDABC341}.Debug|Any CPU.Build.0 = Debug|Any CPU
		{1FB3AEC2-CCE0-4F05-A326-8D4BEDABC341}.Release|Any CPU.ActiveCfg = Release|Any CPU
		{1FB3AEC2-CCE0-4F05-A326-8D4BEDABC341}.Release|Any CPU.Build.0 = Release|Any CPU
		{20525186-CA88-481F-B62E-3634649096A4}.Debug|Any CPU.ActiveCfg = Debug|Any CPU
		{20525186-CA88-481F-B62E-3634649096A4}.Debug|Any CPU.Build.0 = Debug|Any CPU
		{20525186-CA88-481F-B62E-3634649096A4}.Release|Any CPU.ActiveCfg = Release|Any CPU
		{20525186-CA88-481F-B62E-3634649096A4}.Release|Any CPU.Build.0 = Release|Any CPU
		{933BDC99-239F-4217-BB78-AE11B0E76294}.Debug|Any CPU.ActiveCfg = Debug|Any CPU
		{933BDC99-239F-4217-BB78-AE11B0E76294}.Debug|Any CPU.Build.0 = Debug|Any CPU
		{933BDC99-239F-4217-BB78-AE11B0E76294}.Release|Any CPU.ActiveCfg = Release|Any CPU
		{933BDC99-239F-4217-BB78-AE11B0E76294}.Release|Any CPU.Build.0 = Release|Any CPU
	EndGlobalSection
	GlobalSection(SolutionProperties) = preSolution
		HideSolutionNode = FALSE
	EndGlobalSection
	GlobalSection(ExtensibilityGlobals) = postSolution
		SolutionGuid = {54F95FDA-0C99-45CD-81E9-1A51C51DD9F4}
	EndGlobalSection
EndGlobal
