
Microsoft Visual Studio Solution File, Format Version 12.00
# Visual Studio Version 17
VisualStudioVersion = 17.8.34330.188
MinimumVisualStudioVersion = 10.0.40219.1
Project("{FAE04EC0-301F-11D3-BF4B-00C04F79EFBC}") = "CAExtensionsMethod", "CAExtensionsMethod\CAExtensionsMethod.csproj", "{89F5ABEB-DE6C-4551-AD3B-522ABFE6050B}"
EndProject
Global
	GlobalSection(SolutionConfigurationPlatforms) = preSolution
		Debug|Any CPU = Debug|Any CPU
		Release|Any CPU = Release|Any CPU
	EndGlobalSection
	GlobalSection(ProjectConfigurationPlatforms) = postSolution
		{89F5ABEB-DE6C-4551-AD3B-522ABFE6050B}.Debug|Any CPU.ActiveCfg = Debug|Any CPU
		{89F5ABEB-DE6C-4551-AD3B-522ABFE6050B}.Debug|Any CPU.Build.0 = Debug|Any CPU
		{89F5ABEB-DE6C-4551-AD3B-522ABFE6050B}.Release|Any CPU.ActiveCfg = Release|Any CPU
		{89F5ABEB-DE6C-4551-AD3B-522ABFE6050B}.Release|Any CPU.Build.0 = Release|Any CPU
	EndGlobalSection
	GlobalSection(SolutionProperties) = preSolution
		HideSolutionNode = FALSE
	EndGlobalSection
	GlobalSection(ExtensibilityGlobals) = postSolution
		SolutionGuid = {4C8CCFC2-AB1D-41EE-8E00-040A4121ACE5}
	EndGlobalSection
EndGlobal
