
Microsoft Visual Studio Solution File, Format Version 12.00
# Visual Studio Version 17
VisualStudioVersion = 17.8.34330.188
MinimumVisualStudioVersion = 10.0.40219.1
Project("{9A19103F-16F7-4668-BE54-9A1E7A4F7556}") = "CAEnumeratorEnumerable", "CAEnumeratorEnumerable\CAEnumeratorEnumerable.csproj", "{C2F784D2-3DDC-422E-B24F-7E1883E9F3BB}"
EndProject
Project("{FAE04EC0-301F-11D3-BF4B-00C04F79EFBC}") = "CAEE", "CAEE\CAEE.csproj", "{E149039D-F6D5-4347-9B94-CDF0B530FDC8}"
EndProject
Global
	GlobalSection(SolutionConfigurationPlatforms) = preSolution
		Debug|Any CPU = Debug|Any CPU
		Release|Any CPU = Release|Any CPU
	EndGlobalSection
	GlobalSection(ProjectConfigurationPlatforms) = postSolution
		{C2F784D2-3DDC-422E-B24F-7E1883E9F3BB}.Debug|Any CPU.ActiveCfg = Debug|Any CPU
		{C2F784D2-3DDC-422E-B24F-7E1883E9F3BB}.Debug|Any CPU.Build.0 = Debug|Any CPU
		{C2F784D2-3DDC-422E-B24F-7E1883E9F3BB}.Release|Any CPU.ActiveCfg = Release|Any CPU
		{C2F784D2-3DDC-422E-B24F-7E1883E9F3BB}.Release|Any CPU.Build.0 = Release|Any CPU
		{E149039D-F6D5-4347-9B94-CDF0B530FDC8}.Debug|Any CPU.ActiveCfg = Debug|Any CPU
		{E149039D-F6D5-4347-9B94-CDF0B530FDC8}.Debug|Any CPU.Build.0 = Debug|Any CPU
		{E149039D-F6D5-4347-9B94-CDF0B530FDC8}.Release|Any CPU.ActiveCfg = Release|Any CPU
		{E149039D-F6D5-4347-9B94-CDF0B530FDC8}.Release|Any CPU.Build.0 = Release|Any CPU
	EndGlobalSection
	GlobalSection(SolutionProperties) = preSolution
		HideSolutionNode = FALSE
	EndGlobalSection
	GlobalSection(ExtensibilityGlobals) = postSolution
		SolutionGuid = {A41686EC-0D65-44C3-9E2F-9D7BF45255D3}
	EndGlobalSection
EndGlobal
