
Microsoft Visual Studio Solution File, Format Version 12.00
# Visual Studio Version 17
VisualStudioVersion = 17.8.34330.188
MinimumVisualStudioVersion = 10.0.40219.1
Project("{FAE04EC0-301F-11D3-BF4B-00C04F79EFBC}") = "Reflection", "Reflection\Reflection.csproj", "{8154F953-68C4-474B-89AE-3080E1C2A486}"
EndProject
Global
	GlobalSection(SolutionConfigurationPlatforms) = preSolution
		Debug|Any CPU = Debug|Any CPU
		Release|Any CPU = Release|Any CPU
	EndGlobalSection
	GlobalSection(ProjectConfigurationPlatforms) = postSolution
		{8154F953-68C4-474B-89AE-3080E1C2A486}.Debug|Any CPU.ActiveCfg = Debug|Any CPU
		{8154F953-68C4-474B-89AE-3080E1C2A486}.Debug|Any CPU.Build.0 = Debug|Any CPU
		{8154F953-68C4-474B-89AE-3080E1C2A486}.Release|Any CPU.ActiveCfg = Release|Any CPU
		{8154F953-68C4-474B-89AE-3080E1C2A486}.Release|Any CPU.Build.0 = Release|Any CPU
	EndGlobalSection
	GlobalSection(SolutionProperties) = preSolution
		HideSolutionNode = FALSE
	EndGlobalSection
	GlobalSection(ExtensibilityGlobals) = postSolution
		SolutionGuid = {19EED9B0-9ECD-487B-ACA0-1E09F9A937A1}
	EndGlobalSection
EndGlobal
